{
	"name": "target-cheatsheet",
	"lockfileVersion": 2,
	"requires": true,
	"packages": {
		"": {
			"devDependencies": {
				"@types/jsbarcode": "^3.11.1",
				"@types/qrcode": "^1.4.2"
			}
		},
		"node_modules/@types/jsbarcode": {
			"version": "3.11.1",
			"resolved": "https://registry.npmjs.org/@types/jsbarcode/-/jsbarcode-3.11.1.tgz",
			"integrity": "sha512-dFBoYmQ+s0cCkKG1OkXj84V+pbKfvR6MoY8d/PQiPXjdUokz87590X+PcG9FO82WCFf5ovd4eLASdCNy9a49gA==",
			"dev": true,
			"dependencies": {
				"@types/node": "*"
			}
		},
		"node_modules/@types/node": {
			"version": "14.14.22",
			"resolved": "https://registry.npmjs.org/@types/node/-/node-14.14.22.tgz",
			"integrity": "sha512-g+f/qj/cNcqKkc3tFqlXOYjrmZA+jNBiDzbP3kH+B+otKFqAdPgVTGP1IeKRdMml/aE69as5S4FqtxAbl+LaMw==",
			"dev": true
		},
		"node_modules/@types/qrcode": {
			"version": "1.4.2",
			"resolved": "https://registry.npmjs.org/@types/qrcode/-/qrcode-1.4.2.tgz",
			"integrity": "sha512-7uNT9L4WQTNJejHTSTdaJhfBSCN73xtXaHFyBJ8TSwiLhe4PRuTue7Iph0s2nG9R/ifUaSnGhLUOZavlBEqDWQ==",
			"dev": true,
			"dependencies": {
				"@types/node": "*"
			}
		}
	},
	"dependencies": {
		"@types/jsbarcode": {
			"version": "3.11.1",
			"resolved": "https://registry.npmjs.org/@types/jsbarcode/-/jsbarcode-3.11.1.tgz",
			"integrity": "sha512-dFBoYmQ+s0cCkKG1OkXj84V+pbKfvR6MoY8d/PQiPXjdUokz87590X+PcG9FO82WCFf5ovd4eLASdCNy9a49gA==",
			"dev": true,
			"requires": {
				"@types/node": "*"
			}
		},
		"@types/node": {
			"version": "14.14.22",
			"resolved": "https://registry.npmjs.org/@types/node/-/node-14.14.22.tgz",
			"integrity": "sha512-g+f/qj/cNcqKkc3tFqlXOYjrmZA+jNBiDzbP3kH+B+otKFqAdPgVTGP1IeKRdMml/aE69as5S4FqtxAbl+LaMw==",
			"dev": true
		},
		"@types/qrcode": {
			"version": "1.4.2",
			"resolved": "https://registry.npmjs.org/@types/qrcode/-/qrcode-1.4.2.tgz",
			"integrity": "sha512-7uNT9L4WQTNJejHTSTdaJhfBSCN73xtXaHFyBJ8TSwiLhe4PRuTue7Iph0s2nG9R/ifUaSnGhLUOZavlBEqDWQ==",
			"dev": true,
			"requires": {
				"@types/node": "*"
			}
		}
	}
}
